
Microsoft Visual Studio Solution File, Format Version 12.00
# Visual Studio Version 16
VisualStudioVersion = 16.0.31515.178
MinimumVisualStudioVersion = 10.0.40219.1
Project("{FAE04EC0-301F-11D3-BF4B-00C04F79EFBC}") = "01. Secret Chat", "01. Secret Chat\01. Secret Chat.csproj", "{FBBBB729-5F7B-4DBD-867F-A62758CB71E8}"
EndProject
Global
	GlobalSection(SolutionConfigurationPlatforms) = preSolution
		Debug|Any CPU = Debug|Any CPU
		Release|Any CPU = Release|Any CPU
	EndGlobalSection
	GlobalSection(ProjectConfigurationPlatforms) = postSolution
		{FBBBB729-5F7B-4DBD-867F-A62758CB71E8}.Debug|Any CPU.ActiveCfg = Debug|Any CPU
		{FBBBB729-5F7B-4DBD-867F-A62758CB71E8}.Debug|Any CPU.Build.0 = Debug|Any CPU
		{FBBBB729-5F7B-4DBD-867F-A62758CB71E8}.Release|Any CPU.ActiveCfg = Release|Any CPU
		{FBBBB729-5F7B-4DBD-867F-A62758CB71E8}.Release|Any CPU.Build.0 = Release|Any CPU
	EndGlobalSection
	GlobalSection(SolutionProperties) = preSolution
		HideSolutionNode = FALSE
	EndGlobalSection
	GlobalSection(ExtensibilityGlobals) = postSolution
		SolutionGuid = {EF6B80F6-7499-4210-991F-2F1069E5A86B}
	EndGlobalSection
EndGlobal
