
Microsoft Visual Studio Solution File, Format Version 12.00
# Visual Studio Version 16
VisualStudioVersion = 16.0.31515.178
MinimumVisualStudioVersion = 10.0.40219.1
Project("{9A19103F-16F7-4668-BE54-9A1E7A4F7556}") = "01. Activation Keys", "01. Activation Keys\01. Activation Keys.csproj", "{EF36A005-4648-473A-A5F9-7EE550E9BD4C}"
EndProject
Project("{FAE04EC0-301F-11D3-BF4B-00C04F79EFBC}") = "02. Emoji Detector", "02. Emoji Detector\02. Emoji Detector.csproj", "{A7A9090A-FFC6-4BB6-B03E-8C58738A02E1}"
EndProject
Project("{FAE04EC0-301F-11D3-BF4B-00C04F79EFBC}") = "03. P!rates", "03. P!rates\03. P!rates.csproj", "{3636A3B7-46DB-458D-ADA4-88B69648FD4B}"
EndProject
Global
	GlobalSection(SolutionConfigurationPlatforms) = preSolution
		Debug|Any CPU = Debug|Any CPU
		Release|Any CPU = Release|Any CPU
	EndGlobalSection
	GlobalSection(ProjectConfigurationPlatforms) = postSolution
		{EF36A005-4648-473A-A5F9-7EE550E9BD4C}.Debug|Any CPU.ActiveCfg = Debug|Any CPU
		{EF36A005-4648-473A-A5F9-7EE550E9BD4C}.Debug|Any CPU.Build.0 = Debug|Any CPU
		{EF36A005-4648-473A-A5F9-7EE550E9BD4C}.Release|Any CPU.ActiveCfg = Release|Any CPU
		{EF36A005-4648-473A-A5F9-7EE550E9BD4C}.Release|Any CPU.Build.0 = Release|Any CPU
		{A7A9090A-FFC6-4BB6-B03E-8C58738A02E1}.Debug|Any CPU.ActiveCfg = Debug|Any CPU
		{A7A9090A-FFC6-4BB6-B03E-8C58738A02E1}.Debug|Any CPU.Build.0 = Debug|Any CPU
		{A7A9090A-FFC6-4BB6-B03E-8C58738A02E1}.Release|Any CPU.ActiveCfg = Release|Any CPU
		{A7A9090A-FFC6-4BB6-B03E-8C58738A02E1}.Release|Any CPU.Build.0 = Release|Any CPU
		{3636A3B7-46DB-458D-ADA4-88B69648FD4B}.Debug|Any CPU.ActiveCfg = Debug|Any CPU
		{3636A3B7-46DB-458D-ADA4-88B69648FD4B}.Debug|Any CPU.Build.0 = Debug|Any CPU
		{3636A3B7-46DB-458D-ADA4-88B69648FD4B}.Release|Any CPU.ActiveCfg = Release|Any CPU
		{3636A3B7-46DB-458D-ADA4-88B69648FD4B}.Release|Any CPU.Build.0 = Release|Any CPU
	EndGlobalSection
	GlobalSection(SolutionProperties) = preSolution
		HideSolutionNode = FALSE
	EndGlobalSection
	GlobalSection(ExtensibilityGlobals) = postSolution
		SolutionGuid = {2A5D8056-1036-4408-ADE4-0A9FF90C5BCA}
	EndGlobalSection
EndGlobal
