
Microsoft Visual Studio Solution File, Format Version 12.00
# Visual Studio Version 16
VisualStudioVersion = 16.0.31515.178
MinimumVisualStudioVersion = 10.0.40219.1
Project("{FAE04EC0-301F-11D3-BF4B-00C04F79EFBC}") = "01. The Imitation Game", "01. The Imitation Game\01. The Imitation Game.csproj", "{00C0B630-FF03-49F9-8818-2E546C3EB884}"
EndProject
Project("{FAE04EC0-301F-11D3-BF4B-00C04F79EFBC}") = "02. Ad Astra", "02. Ad Astra\02. Ad Astra.csproj", "{1DE44502-01F8-4D29-AB0A-D2A03B4A4524}"
EndProject
Global
	GlobalSection(SolutionConfigurationPlatforms) = preSolution
		Debug|Any CPU = Debug|Any CPU
		Release|Any CPU = Release|Any CPU
	EndGlobalSection
	GlobalSection(ProjectConfigurationPlatforms) = postSolution
		{00C0B630-FF03-49F9-8818-2E546C3EB884}.Debug|Any CPU.ActiveCfg = Debug|Any CPU
		{00C0B630-FF03-49F9-8818-2E546C3EB884}.Debug|Any CPU.Build.0 = Debug|Any CPU
		{00C0B630-FF03-49F9-8818-2E546C3EB884}.Release|Any CPU.ActiveCfg = Release|Any CPU
		{00C0B630-FF03-49F9-8818-2E546C3EB884}.Release|Any CPU.Build.0 = Release|Any CPU
		{1DE44502-01F8-4D29-AB0A-D2A03B4A4524}.Debug|Any CPU.ActiveCfg = Debug|Any CPU
		{1DE44502-01F8-4D29-AB0A-D2A03B4A4524}.Debug|Any CPU.Build.0 = Debug|Any CPU
		{1DE44502-01F8-4D29-AB0A-D2A03B4A4524}.Release|Any CPU.ActiveCfg = Release|Any CPU
		{1DE44502-01F8-4D29-AB0A-D2A03B4A4524}.Release|Any CPU.Build.0 = Release|Any CPU
	EndGlobalSection
	GlobalSection(SolutionProperties) = preSolution
		HideSolutionNode = FALSE
	EndGlobalSection
	GlobalSection(ExtensibilityGlobals) = postSolution
		SolutionGuid = {82B61D9E-40F5-4C10-93AC-1469B80E1831}
	EndGlobalSection
EndGlobal
